
Microsoft Visual Studio Solution File, Format Version 12.00
# Visual Studio Version 17
VisualStudioVersion = 17.11.34909.67
MinimumVisualStudioVersion = 10.0.40219.1
Project("{FAE04EC0-301F-11D3-BF4B-00C04F79EFBC}") = "Chat", "Chat.csproj", "{AFF58AD9-61F3-48EE-A2CA-CEB7B691D3DD}"
EndProject
Global
	GlobalSection(SolutionConfigurationPlatforms) = preSolution
		Debug|Any CPU = Debug|Any CPU
		Release|Any CPU = Release|Any CPU
	EndGlobalSection
	GlobalSection(ProjectConfigurationPlatforms) = postSolution
		{AFF58AD9-61F3-48EE-A2CA-CEB7B691D3DD}.Debug|Any CPU.ActiveCfg = Debug|Any CPU
		{AFF58AD9-61F3-48EE-A2CA-CEB7B691D3DD}.Debug|Any CPU.Build.0 = Debug|Any CPU
		{AFF58AD9-61F3-48EE-A2CA-CEB7B691D3DD}.Release|Any CPU.ActiveCfg = Release|Any CPU
		{AFF58AD9-61F3-48EE-A2CA-CEB7B691D3DD}.Release|Any CPU.Build.0 = Release|Any CPU
	EndGlobalSection
	GlobalSection(SolutionProperties) = preSolution
		HideSolutionNode = FALSE
	EndGlobalSection
	GlobalSection(ExtensibilityGlobals) = postSolution
		SolutionGuid = {40CE4E21-E54A-486A-83ED-9F6E5C1B57EF}
	EndGlobalSection
EndGlobal
